// !$*UTF8*$!
{
	archiveVersion = 1;
	classes = {
	};
	objectVersion = 46;
	objects = {

/* Begin PBXBuildFile section */
		1D3623260D0F684500981E51 /* DGSPhoneAppDelegate.m in Sources */ = {isa = PBXBuildFile; fileRef = 1D3623250D0F684500981E51 /* DGSPhoneAppDelegate.m */; };
		1D60589B0D05DD56006BFB54 /* main.m in Sources */ = {isa = PBXBuildFile; fileRef = 29B97316FDCFA39411CA2CEA /* main.m */; };
		CE7771B66F8849888D9FC85E /* libPods.a in Frameworks */ = {isa = PBXBuildFile; fileRef = 8BF2422AA37640AC84A2C071 /* libPods.a */; };
		DA02D13D11D99BF000A9D887 /* NewGame.m in Sources */ = {isa = PBXBuildFile; fileRef = DA02D13C11D99BF000A9D887 /* NewGame.m */; };
		DA02D14D11D99D7600A9D887 /* TableCellFactory.m in Sources */ = {isa = PBXBuildFile; fileRef = DA02D14C11D99D7600A9D887 /* TableCellFactory.m */; };
		DA02D15A11D99E4500A9D887 /* TextCell.m in Sources */ = {isa = PBXBuildFile; fileRef = DA02D15911D99E4500A9D887 /* TextCell.m */; };
		DA0762B71377B678003E0390 /* DGSDev.m in Sources */ = {isa = PBXBuildFile; fileRef = DA0762B61377B678003E0390 /* DGSDev.m */; };
		DA0824E7161A618F00802B9A /* Default-568h@2x.png in Resources */ = {isa = PBXBuildFile; fileRef = DA0824E6161A618F00802B9A /* Default-568h@2x.png */; };
		DA0FE7C2161FF67400AEAEF6 /* JWCache.m in Sources */ = {isa = PBXBuildFile; fileRef = DA0FE7C1161FF67400AEAEF6 /* JWCache.m */; };
		DA0FE7C5161FFA1000AEAEF6 /* JWCacheEntry.m in Sources */ = {isa = PBXBuildFile; fileRef = DA0FE7C4161FFA1000AEAEF6 /* JWCacheEntry.m */; };
		DA1341AB1292323300D2A4BF /* MessageView.m in Sources */ = {isa = PBXBuildFile; fileRef = DA1341AA1292323300D2A4BF /* MessageView.m */; };
		DA137D6111BE13CF00225C12 /* AppIcon.png in Resources */ = {isa = PBXBuildFile; fileRef = DA137D5F11BE13CF00225C12 /* AppIcon.png */; };
		DA238C2615B22AE800D4050C /* DGSErrors.strings in Resources */ = {isa = PBXBuildFile; fileRef = DA238C2515B22AE800D4050C /* DGSErrors.strings */; };
		DA2EDE1312F14EC8003FEE23 /* Board@2x.png in Resources */ = {isa = PBXBuildFile; fileRef = DA2EDE1212F14EC8003FEE23 /* Board@2x.png */; };
		DA2EDE5E12F27FEB003FEE23 /* TextCell.xib in Resources */ = {isa = PBXBuildFile; fileRef = DA2EDE5D12F27FEB003FEE23 /* TextCell.xib */; };
		DA37D90A11BF56DA00BC1445 /* Black.png in Resources */ = {isa = PBXBuildFile; fileRef = DA37D90611BF56DA00BC1445 /* Black.png */; };
		DA37D90B11BF56DA00BC1445 /* White.png in Resources */ = {isa = PBXBuildFile; fileRef = DA37D90711BF56DA00BC1445 /* White.png */; };
		DA37D9C311BF6E5100BC1445 /* Board.png in Resources */ = {isa = PBXBuildFile; fileRef = DA37D9C111BF6E5100BC1445 /* Board.png */; };
		DA38AB9811EC028B005E1AB7 /* First Score.sgf in Resources */ = {isa = PBXBuildFile; fileRef = DA38AB9711EC028B005E1AB7 /* First Score.sgf */; };
		DA38B1FA11B59F2F00112AA4 /* LoginViewController.m in Sources */ = {isa = PBXBuildFile; fileRef = DA38B1F811B59F2F00112AA4 /* LoginViewController.m */; };
		DA391DDE1592CB2900F9E36F /* Player.m in Sources */ = {isa = PBXBuildFile; fileRef = DA391DDD1592CB2900F9E36F /* Player.m */; };
		DA3B8CCF16A7D8520013E85F /* Game Background.png in Resources */ = {isa = PBXBuildFile; fileRef = DA3B8CCD16A7D8520013E85F /* Game Background.png */; };
		DA3B8CD016A7D8520013E85F /* Game Background@2x.png in Resources */ = {isa = PBXBuildFile; fileRef = DA3B8CCE16A7D8520013E85F /* Game Background@2x.png */; };
		DA402ACE11D30978005017C4 /* AppIcon@2x.png in Resources */ = {isa = PBXBuildFile; fileRef = DA402AC611D30931005017C4 /* AppIcon@2x.png */; };
		DA419A6311BA0C0600B3050E /* FuegoBoard.mm in Sources */ = {isa = PBXBuildFile; fileRef = DA419A6011BA0C0600B3050E /* FuegoBoard.mm */; };
		DA419D4A11BB2DA400B3050E /* CurrentGamesController.m in Sources */ = {isa = PBXBuildFile; fileRef = DA419D4411BB2DA400B3050E /* CurrentGamesController.m */; };
		DA4BC705179517C900C74040 /* ExpandingLabelCell.m in Sources */ = {isa = PBXBuildFile; fileRef = DA4BC704179517C900C74040 /* ExpandingLabelCell.m */; };
		DA5218D512CF9EF500000147 /* WaitingRoomGamesController.m in Sources */ = {isa = PBXBuildFile; fileRef = DA5218D412CF9EF500000147 /* WaitingRoomGamesController.m */; };
		DA521C1212D4312F00C2AE9D /* JoinWaitingRoomGameController.m in Sources */ = {isa = PBXBuildFile; fileRef = DA521C1112D4312F00C2AE9D /* JoinWaitingRoomGameController.m */; };
		DA5D350D12B20A92001271D3 /* Moves@2x.png in Resources */ = {isa = PBXBuildFile; fileRef = DA5D350C12B20A8F001271D3 /* Moves@2x.png */; };
		DA5D351312B20A9D001271D3 /* Moves.png in Resources */ = {isa = PBXBuildFile; fileRef = DA5D351212B20A9A001271D3 /* Moves.png */; };
		DA667B9B12562AC400CA9A13 /* Pass Should Be Move 200.sgf in Resources */ = {isa = PBXBuildFile; fileRef = DA667B9A12562AC400CA9A13 /* Pass Should Be Move 200.sgf */; };
		DA66E91E16A6923100A066CF /* NSTimer+Blocks.m in Sources */ = {isa = PBXBuildFile; fileRef = DA66E91D16A6923100A066CF /* NSTimer+Blocks.m */; };
		DA68408614DB04E9006EF22C /* CachingGameServer.m in Sources */ = {isa = PBXBuildFile; fileRef = DA68408514DB04E9006EF22C /* CachingGameServer.m */; };
		DA6F94FD11FAA0670093751D /* SpinnerView.m in Sources */ = {isa = PBXBuildFile; fileRef = DA6F94FB11FAA0670093751D /* SpinnerView.m */; };
		DA7541C811EF581A00BF0443 /* Multiple Scoring Passes.sgf in Resources */ = {isa = PBXBuildFile; fileRef = DA7541C711EF581A00BF0443 /* Multiple Scoring Passes.sgf */; };
		DA7542E111F01DEE00BF0443 /* Start Handicap Game.sgf in Resources */ = {isa = PBXBuildFile; fileRef = DA7542E011F01DEE00BF0443 /* Start Handicap Game.sgf */; };
		DA7542F111F01FC100BF0443 /* Handicap Stones Placed.sgf in Resources */ = {isa = PBXBuildFile; fileRef = DA7542F011F01FC100BF0443 /* Handicap Stones Placed.sgf */; };
		DA77A95013B2F47200803136 /* libz.dylib in Frameworks */ = {isa = PBXBuildFile; fileRef = DA77A94F13B2F47200803136 /* libz.dylib */; };
		DA77A95C13B2FCA700803136 /* libxml2.dylib in Frameworks */ = {isa = PBXBuildFile; fileRef = DA77A95313B2F67B00803136 /* libxml2.dylib */; };
		DA8366CF11DC3606001A68F9 /* SelectCell.m in Sources */ = {isa = PBXBuildFile; fileRef = DA8366CE11DC3606001A68F9 /* SelectCell.m */; };
		DA84D67A12F7A0160038D775 /* BooleanCell.m in Sources */ = {isa = PBXBuildFile; fileRef = DA84D67912F7A0160038D775 /* BooleanCell.m */; };
		DA8A95FD11FBB12000B2E2C7 /* Default@2x.png in Resources */ = {isa = PBXBuildFile; fileRef = DA8A95FC11FBB12000B2E2C7 /* Default@2x.png */; };
		DA8A962911FBB3D100B2E2C7 /* Default.png in Resources */ = {isa = PBXBuildFile; fileRef = DA8A962711FBB3D100B2E2C7 /* Default.png */; };
		DA8E707C13D5337E007E569B /* GameList.m in Sources */ = {isa = PBXBuildFile; fileRef = DA8E707B13D5337E007E569B /* GameList.m */; };
		DA94CBE7124839740060FD44 /* TableCells.xib in Resources */ = {isa = PBXBuildFile; fileRef = DA94CBE1124839740060FD44 /* TableCells.xib */; };
		DA98EC45125C2725002EB162 /* Message off@2x.png in Resources */ = {isa = PBXBuildFile; fileRef = DA98EC43125C2725002EB162 /* Message off@2x.png */; };
		DA98EC46125C2725002EB162 /* Message on@2x.png in Resources */ = {isa = PBXBuildFile; fileRef = DA98EC44125C2725002EB162 /* Message on@2x.png */; };
		DA9BAD1C126B6FB5008ED2B4 /* Pass.png in Resources */ = {isa = PBXBuildFile; fileRef = DA9BAD1A126B6FB5008ED2B4 /* Pass.png */; };
		DA9BAD1D126B6FB5008ED2B4 /* Pass@2x.png in Resources */ = {isa = PBXBuildFile; fileRef = DA9BAD1B126B6FB5008ED2B4 /* Pass@2x.png */; };
		DAA7B8D7125C20440002754F /* Message off.png in Resources */ = {isa = PBXBuildFile; fileRef = DAA7B8D5125C20440002754F /* Message off.png */; };
		DAA7B8D8125C20440002754F /* Message on.png in Resources */ = {isa = PBXBuildFile; fileRef = DAA7B8D6125C20440002754F /* Message on.png */; };
		DAA80F9113B42C3700E5E2B5 /* Black@2x.png in Resources */ = {isa = PBXBuildFile; fileRef = DAA80F8F13B42C3700E5E2B5 /* Black@2x.png */; };
		DAA80F9213B42C3700E5E2B5 /* White@2x.png in Resources */ = {isa = PBXBuildFile; fileRef = DAA80F9013B42C3700E5E2B5 /* White@2x.png */; };
		DABA05F4169EAACE00B1ECD9 /* LoadingCell.m in Sources */ = {isa = PBXBuildFile; fileRef = DABA05F3169EAACE00B1ECD9 /* LoadingCell.m */; };
		DABC87F6162290AF009E0808 /* MainStoryboard.storyboard in Resources */ = {isa = PBXBuildFile; fileRef = DABC87F5162290AF009E0808 /* MainStoryboard.storyboard */; };
		DAC7BDE616DDEFCE00F4562A /* DGSNetworkOperation.m in Sources */ = {isa = PBXBuildFile; fileRef = DAC7BDE516DDEFCE00F4562A /* DGSNetworkOperation.m */; };
		DAC868A811B7479D00A4DA7A /* CFNetwork.framework in Frameworks */ = {isa = PBXBuildFile; fileRef = DAC868A711B7479D00A4DA7A /* CFNetwork.framework */; };
		DAC868AC11B747A500A4DA7A /* SystemConfiguration.framework in Frameworks */ = {isa = PBXBuildFile; fileRef = DAC868AB11B747A500A4DA7A /* SystemConfiguration.framework */; };
		DAC868B011B747AE00A4DA7A /* MobileCoreServices.framework in Frameworks */ = {isa = PBXBuildFile; fileRef = DAC868AF11B747AE00A4DA7A /* MobileCoreServices.framework */; };
		DAC86D5316A52AA7000A72D6 /* Next.png in Resources */ = {isa = PBXBuildFile; fileRef = DAC86D4F16A52AA7000A72D6 /* Next.png */; };
		DAC86D5416A52AA7000A72D6 /* Next@2x.png in Resources */ = {isa = PBXBuildFile; fileRef = DAC86D5016A52AA7000A72D6 /* Next@2x.png */; };
		DAC86D5516A52AA7000A72D6 /* Previous.png in Resources */ = {isa = PBXBuildFile; fileRef = DAC86D5116A52AA7000A72D6 /* Previous.png */; };
		DAC86D5616A52AA7000A72D6 /* Previous@2x.png in Resources */ = {isa = PBXBuildFile; fileRef = DAC86D5216A52AA7000A72D6 /* Previous@2x.png */; };
		DACE119B1255754A006C9598 /* Game with Message.sgf in Resources */ = {isa = PBXBuildFile; fileRef = DACE119A1255754A006C9598 /* Game with Message.sgf */; };
		DAD3634B126D4A9C00589A32 /* Message background.png in Resources */ = {isa = PBXBuildFile; fileRef = DAD36349126D4A9C00589A32 /* Message background.png */; };
		DAD3634C126D4A9C00589A32 /* Message background@2x.png in Resources */ = {isa = PBXBuildFile; fileRef = DAD3634A126D4A9C00589A32 /* Message background@2x.png */; };
		DAD36369126D586600589A32 /* Message input.png in Resources */ = {isa = PBXBuildFile; fileRef = DAD36367126D586600589A32 /* Message input.png */; };
		DAD3636A126D586600589A32 /* Message input@2x.png in Resources */ = {isa = PBXBuildFile; fileRef = DAD36368126D586600589A32 /* Message input@2x.png */; };
		DADD19C811BCA6180038F8BC /* QuartzCore.framework in Frameworks */ = {isa = PBXBuildFile; fileRef = DADD19C711BCA6170038F8BC /* QuartzCore.framework */; };
		DAE0D24D13BAD41A00668CB2 /* NewGameViewController.m in Sources */ = {isa = PBXBuildFile; fileRef = DAE0D24B13BAD41A00668CB2 /* NewGameViewController.m */; };
		DAE5F4CB15AFEDBB0062B5F4 /* Foundation.framework in Frameworks */ = {isa = PBXBuildFile; fileRef = DA71CAA311B5EA50008696AC /* Foundation.framework */; };
		DAE5F4CC15AFEE130062B5F4 /* UIKit.framework in Frameworks */ = {isa = PBXBuildFile; fileRef = DAEA52A611B8989F00F4CCB3 /* UIKit.framework */; };
		DAE932AA12454A2900335F0F /* LICENSE in Resources */ = {isa = PBXBuildFile; fileRef = DAE932A912454A2900335F0F /* LICENSE */; };
		DAE932C212454E4800335F0F /* AddGameViewController.m in Sources */ = {isa = PBXBuildFile; fileRef = DAE932C112454E4800335F0F /* AddGameViewController.m */; };
		DAEA518111B88A1100F4CCB3 /* DGS.m in Sources */ = {isa = PBXBuildFile; fileRef = DAEA518011B88A1100F4CCB3 /* DGS.m */; };
		DAEA519B11B88D8300F4CCB3 /* Game.m in Sources */ = {isa = PBXBuildFile; fileRef = DAEA519A11B88D8300F4CCB3 /* Game.m */; };
		DAEB649D125E1C3D00A915EB /* Resign.png in Resources */ = {isa = PBXBuildFile; fileRef = DAEB649C125E1C3D00A915EB /* Resign.png */; };
		DAEB64AA125E202800A915EB /* Resign@2x.png in Resources */ = {isa = PBXBuildFile; fileRef = DAEB64A9125E202800A915EB /* Resign@2x.png */; };
		DAECBE2C11F38ADD00CDA9F3 /* Board dock.png in Resources */ = {isa = PBXBuildFile; fileRef = DAECBE2A11F38ADD00CDA9F3 /* Board dock.png */; };
		DAECBE2D11F38ADD00CDA9F3 /* Board dock@2x.png in Resources */ = {isa = PBXBuildFile; fileRef = DAECBE2B11F38ADD00CDA9F3 /* Board dock@2x.png */; };
		DAF16E6B1799025600ADA4D1 /* AcknowledgementsViewController.m in Sources */ = {isa = PBXBuildFile; fileRef = DAF16E6A1799025600ADA4D1 /* AcknowledgementsViewController.m */; };
		DAF16E6D179902F600ADA4D1 /* acknowledgements.html in Resources */ = {isa = PBXBuildFile; fileRef = DAF16E6C179902F600ADA4D1 /* acknowledgements.html */; };
		DAF9102911BB48A800FE7B96 /* GoBoardView.m in Sources */ = {isa = PBXBuildFile; fileRef = DAF9102711BB48A800FE7B96 /* GoBoardView.m */; };
		DAF9105F11BB5BBD00FE7B96 /* GameViewController.m in Sources */ = {isa = PBXBuildFile; fileRef = DAF9105D11BB5BBD00FE7B96 /* GameViewController.m */; };
		DAF911F511BB796900FE7B96 /* Move.m in Sources */ = {isa = PBXBuildFile; fileRef = DAF911F311BB796900FE7B96 /* Move.m */; };
		DAFED53915943E7700A2EE37 /* 25x25 Handicap Stones.sgf in Resources */ = {isa = PBXBuildFile; fileRef = DAFED53815943E7700A2EE37 /* 25x25 Handicap Stones.sgf */; };
		DAFF411216AA8AAB005A62FB /* DGSPushServer.m in Sources */ = {isa = PBXBuildFile; fileRef = DAFF411116AA8AAB005A62FB /* DGSPushServer.m */; };
		DAFF411616AA8E67005A62FB /* UIDevice+ExtraDeviceDetails.m in Sources */ = {isa = PBXBuildFile; fileRef = DAFF411516AA8E67005A62FB /* UIDevice+ExtraDeviceDetails.m */; };
		FA4D2C0E17F34289007F280D /* Invite.m in Sources */ = {isa = PBXBuildFile; fileRef = FA4D2C0D17F34289007F280D /* Invite.m */; };
		FA4D2C1117F3483B007F280D /* InviteViewController.m in Sources */ = {isa = PBXBuildFile; fileRef = FA4D2C1017F3483B007F280D /* InviteViewController.m */; };
/* End PBXBuildFile section */

/* Begin PBXFileReference section */
		1D3623240D0F684500981E51 /* DGSPhoneAppDelegate.h */ = {isa = PBXFileReference; fileEncoding = 4; lastKnownFileType = sourcecode.c.h; path = DGSPhoneAppDelegate.h; sourceTree = "<group>"; };
		1D3623250D0F684500981E51 /* DGSPhoneAppDelegate.m */ = {isa = PBXFileReference; fileEncoding = 4; lastKnownFileType = sourcecode.c.objc; path = DGSPhoneAppDelegate.m; sourceTree = "<group>"; };
		1D6058910D05DD3D006BFB54 /* DGSBeta.app */ = {isa = PBXFileReference; explicitFileType = wrapper.application; includeInIndex = 0; path = DGSBeta.app; sourceTree = BUILT_PRODUCTS_DIR; };
		27F4A14B172931B03961B33B /* Pods.release.xcconfig */ = {isa = PBXFileReference; includeInIndex = 1; lastKnownFileType = text.xcconfig; name = Pods.release.xcconfig; path = "Pods/Target Support Files/Pods/Pods.release.xcconfig"; sourceTree = "<group>"; };
		285012647373D7A86275D233 /* Pods.adhoc.xcconfig */ = {isa = PBXFileReference; includeInIndex = 1; lastKnownFileType = text.xcconfig; name = Pods.adhoc.xcconfig; path = "Pods/Target Support Files/Pods/Pods.adhoc.xcconfig"; sourceTree = "<group>"; };
		29B97316FDCFA39411CA2CEA /* main.m */ = {isa = PBXFileReference; fileEncoding = 4; lastKnownFileType = sourcecode.c.objc; path = main.m; sourceTree = "<group>"; };
		32CA4F630368D1EE00C91783 /* DGSPhone_Prefix.pch */ = {isa = PBXFileReference; fileEncoding = 4; lastKnownFileType = sourcecode.c.h; path = DGSPhone_Prefix.pch; sourceTree = "<group>"; };
		6645B18F147B8BED00170504 /* libsqlite3.dylib */ = {isa = PBXFileReference; includeInIndex = 1; lastKnownFileType = "compiled.mach-o.dylib"; name = libsqlite3.dylib; path = usr/lib/libsqlite3.dylib; sourceTree = SDKROOT; };
		8BF2422AA37640AC84A2C071 /* libPods.a */ = {isa = PBXFileReference; explicitFileType = archive.ar; includeInIndex = 0; path = libPods.a; sourceTree = BUILT_PRODUCTS_DIR; };
		8D1107310486CEB800E47090 /* DGSPhone-Info.plist */ = {isa = PBXFileReference; fileEncoding = 4; lastKnownFileType = text.plist.xml; path = "DGSPhone-Info.plist"; plistStructureDefinitionIdentifier = "com.apple.xcode.plist.structure-definition.iphone.info-plist"; sourceTree = "<group>"; };
		BEF139BB88D21B142BCB0839 /* Pods.debug.xcconfig */ = {isa = PBXFileReference; includeInIndex = 1; lastKnownFileType = text.xcconfig; name = Pods.debug.xcconfig; path = "Pods/Target Support Files/Pods/Pods.debug.xcconfig"; sourceTree = "<group>"; };
		DA02D13B11D99BF000A9D887 /* NewGame.h */ = {isa = PBXFileReference; fileEncoding = 4; lastKnownFileType = sourcecode.c.h; path = NewGame.h; sourceTree = "<group>"; };
		DA02D13C11D99BF000A9D887 /* NewGame.m */ = {isa = PBXFileReference; fileEncoding = 4; lastKnownFileType = sourcecode.c.objc; path = NewGame.m; sourceTree = "<group>"; };
		DA02D14B11D99D7600A9D887 /* TableCellFactory.h */ = {isa = PBXFileReference; fileEncoding = 4; lastKnownFileType = sourcecode.c.h; path = TableCellFactory.h; sourceTree = "<group>"; };
		DA02D14C11D99D7600A9D887 /* TableCellFactory.m */ = {isa = PBXFileReference; fileEncoding = 4; lastKnownFileType = sourcecode.c.objc; path = TableCellFactory.m; sourceTree = "<group>"; };
		DA02D15811D99E4500A9D887 /* TextCell.h */ = {isa = PBXFileReference; fileEncoding = 4; lastKnownFileType = sourcecode.c.h; path = TextCell.h; sourceTree = "<group>"; };
		DA02D15911D99E4500A9D887 /* TextCell.m */ = {isa = PBXFileReference; fileEncoding = 4; lastKnownFileType = sourcecode.c.objc; path = TextCell.m; sourceTree = "<group>"; };
		DA0762B51377B678003E0390 /* DGSDev.h */ = {isa = PBXFileReference; fileEncoding = 4; lastKnownFileType = sourcecode.c.h; path = DGSDev.h; sourceTree = "<group>"; };
		DA0762B61377B678003E0390 /* DGSDev.m */ = {isa = PBXFileReference; fileEncoding = 4; lastKnownFileType = sourcecode.c.objc; path = DGSDev.m; sourceTree = "<group>"; };
		DA0824E6161A618F00802B9A /* Default-568h@2x.png */ = {isa = PBXFileReference; lastKnownFileType = image.png; path = "Default-568h@2x.png"; sourceTree = "<group>"; };
		DA0FE7C0161FF67400AEAEF6 /* JWCache.h */ = {isa = PBXFileReference; fileEncoding = 4; lastKnownFileType = sourcecode.c.h; path = JWCache.h; sourceTree = "<group>"; };
		DA0FE7C1161FF67400AEAEF6 /* JWCache.m */ = {isa = PBXFileReference; fileEncoding = 4; lastKnownFileType = sourcecode.c.objc; path = JWCache.m; sourceTree = "<group>"; };
		DA0FE7C3161FFA1000AEAEF6 /* JWCacheEntry.h */ = {isa = PBXFileReference; fileEncoding = 4; lastKnownFileType = sourcecode.c.h; path = JWCacheEntry.h; sourceTree = "<group>"; };
		DA0FE7C4161FFA1000AEAEF6 /* JWCacheEntry.m */ = {isa = PBXFileReference; fileEncoding = 4; lastKnownFileType = sourcecode.c.objc; path = JWCacheEntry.m; sourceTree = "<group>"; };
		DA1341A91292323300D2A4BF /* MessageView.h */ = {isa = PBXFileReference; fileEncoding = 4; lastKnownFileType = sourcecode.c.h; path = MessageView.h; sourceTree = "<group>"; };
		DA1341AA1292323300D2A4BF /* MessageView.m */ = {isa = PBXFileReference; fileEncoding = 4; lastKnownFileType = sourcecode.c.objc; path = MessageView.m; sourceTree = "<group>"; };
		DA137D5F11BE13CF00225C12 /* AppIcon.png */ = {isa = PBXFileReference; lastKnownFileType = image.png; path = AppIcon.png; sourceTree = "<group>"; };
		DA238C2515B22AE800D4050C /* DGSErrors.strings */ = {isa = PBXFileReference; fileEncoding = 4; lastKnownFileType = text.plist.strings; name = DGSErrors.strings; path = Resources/DGSErrors.strings; sourceTree = "<group>"; };
		DA2EDE1212F14EC8003FEE23 /* Board@2x.png */ = {isa = PBXFileReference; lastKnownFileType = image.png; path = "Board@2x.png"; sourceTree = "<group>"; };
		DA2EDE5D12F27FEB003FEE23 /* TextCell.xib */ = {isa = PBXFileReference; lastKnownFileType = file.xib; path = TextCell.xib; sourceTree = "<group>"; };
		DA2EE2D312F69255003FEE23 /* GameServerProtocol.h */ = {isa = PBXFileReference; fileEncoding = 4; lastKnownFileType = sourcecode.c.h; path = GameServerProtocol.h; sourceTree = "<group>"; };
		DA37D90611BF56DA00BC1445 /* Black.png */ = {isa = PBXFileReference; lastKnownFileType = image.png; path = Black.png; sourceTree = "<group>"; };
		DA37D90711BF56DA00BC1445 /* White.png */ = {isa = PBXFileReference; lastKnownFileType = image.png; path = White.png; sourceTree = "<group>"; };
		DA37D9C111BF6E5100BC1445 /* Board.png */ = {isa = PBXFileReference; lastKnownFileType = image.png; path = Board.png; sourceTree = "<group>"; };
		DA38AB9711EC028B005E1AB7 /* First Score.sgf */ = {isa = PBXFileReference; fileEncoding = 4; lastKnownFileType = text; path = "First Score.sgf"; sourceTree = "<group>"; };
		DA38B1F711B59F2F00112AA4 /* LoginViewController.h */ = {isa = PBXFileReference; fileEncoding = 4; lastKnownFileType = sourcecode.c.h; path = LoginViewController.h; sourceTree = "<group>"; };
		DA38B1F811B59F2F00112AA4 /* LoginViewController.m */ = {isa = PBXFileReference; fileEncoding = 4; lastKnownFileType = sourcecode.c.objc; path = LoginViewController.m; sourceTree = "<group>"; };
		DA391DDC1592CB2900F9E36F /* Player.h */ = {isa = PBXFileReference; fileEncoding = 4; lastKnownFileType = sourcecode.c.h; path = Player.h; sourceTree = "<group>"; };
		DA391DDD1592CB2900F9E36F /* Player.m */ = {isa = PBXFileReference; fileEncoding = 4; lastKnownFileType = sourcecode.c.objc; path = Player.m; sourceTree = "<group>"; };
		DA3B8CCD16A7D8520013E85F /* Game Background.png */ = {isa = PBXFileReference; lastKnownFileType = image.png; path = "Game Background.png"; sourceTree = "<group>"; };
		DA3B8CCE16A7D8520013E85F /* Game Background@2x.png */ = {isa = PBXFileReference; lastKnownFileType = image.png; path = "Game Background@2x.png"; sourceTree = "<group>"; };
		DA402AC611D30931005017C4 /* AppIcon@2x.png */ = {isa = PBXFileReference; lastKnownFileType = image.png; path = "AppIcon@2x.png"; sourceTree = "<group>"; };
		DA419A5F11BA0C0600B3050E /* FuegoBoard.h */ = {isa = PBXFileReference; fileEncoding = 4; lastKnownFileType = sourcecode.c.h; path = FuegoBoard.h; sourceTree = "<group>"; };
		DA419A6011BA0C0600B3050E /* FuegoBoard.mm */ = {isa = PBXFileReference; fileEncoding = 4; lastKnownFileType = sourcecode.cpp.objcpp; path = FuegoBoard.mm; sourceTree = "<group>"; };
		DA419D4311BB2DA400B3050E /* CurrentGamesController.h */ = {isa = PBXFileReference; fileEncoding = 4; lastKnownFileType = sourcecode.c.h; path = CurrentGamesController.h; sourceTree = "<group>"; };
		DA419D4411BB2DA400B3050E /* CurrentGamesController.m */ = {isa = PBXFileReference; fileEncoding = 4; lastKnownFileType = sourcecode.c.objc; path = CurrentGamesController.m; sourceTree = "<group>"; };
		DA476A5214DA109F00AAF7E0 /* SenTestingKit.framework */ = {isa = PBXFileReference; includeInIndex = 1; lastKnownFileType = wrapper.framework; name = SenTestingKit.framework; path = Library/Frameworks/SenTestingKit.framework; sourceTree = DEVELOPER_DIR; };
		DA4BC703179517C900C74040 /* ExpandingLabelCell.h */ = {isa = PBXFileReference; fileEncoding = 4; lastKnownFileType = sourcecode.c.h; path = ExpandingLabelCell.h; sourceTree = "<group>"; };
		DA4BC704179517C900C74040 /* ExpandingLabelCell.m */ = {isa = PBXFileReference; fileEncoding = 4; lastKnownFileType = sourcecode.c.objc; path = ExpandingLabelCell.m; sourceTree = "<group>"; };
		DA5218D312CF9EF500000147 /* WaitingRoomGamesController.h */ = {isa = PBXFileReference; fileEncoding = 4; lastKnownFileType = sourcecode.c.h; path = WaitingRoomGamesController.h; sourceTree = "<group>"; };
		DA5218D412CF9EF500000147 /* WaitingRoomGamesController.m */ = {isa = PBXFileReference; fileEncoding = 4; lastKnownFileType = sourcecode.c.objc; path = WaitingRoomGamesController.m; sourceTree = "<group>"; };
		DA521C1012D4312F00C2AE9D /* JoinWaitingRoomGameController.h */ = {isa = PBXFileReference; fileEncoding = 4; lastKnownFileType = sourcecode.c.h; path = JoinWaitingRoomGameController.h; sourceTree = "<group>"; };
		DA521C1112D4312F00C2AE9D /* JoinWaitingRoomGameController.m */ = {isa = PBXFileReference; fileEncoding = 4; lastKnownFileType = sourcecode.c.objc; path = JoinWaitingRoomGameController.m; sourceTree = "<group>"; };
		DA5D350C12B20A8F001271D3 /* Moves@2x.png */ = {isa = PBXFileReference; lastKnownFileType = image.png; path = "Moves@2x.png"; sourceTree = "<group>"; };
		DA5D351212B20A9A001271D3 /* Moves.png */ = {isa = PBXFileReference; lastKnownFileType = image.png; path = Moves.png; sourceTree = "<group>"; };
		DA65D6A1169820E500AB9FC7 /* DGSTests-Info.plist */ = {isa = PBXFileReference; lastKnownFileType = text.plist.xml; path = "DGSTests-Info.plist"; sourceTree = "<group>"; };
		DA65D6A3169820E500AB9FC7 /* en */ = {isa = PBXFileReference; lastKnownFileType = text.plist.strings; name = en; path = en.lproj/InfoPlist.strings; sourceTree = "<group>"; };
		DA65D6A8169820E500AB9FC7 /* DGSTests-Prefix.pch */ = {isa = PBXFileReference; lastKnownFileType = sourcecode.c.h; path = "DGSTests-Prefix.pch"; sourceTree = "<group>"; };
		DA65D6E416982C3600AB9FC7 /* Config.h */ = {isa = PBXFileReference; lastKnownFileType = sourcecode.c.h; path = Config.h; sourceTree = "<group>"; };
		DA667B9A12562AC400CA9A13 /* Pass Should Be Move 200.sgf */ = {isa = PBXFileReference; fileEncoding = 4; lastKnownFileType = text; path = "Pass Should Be Move 200.sgf"; sourceTree = "<group>"; };
		DA667C19125A266C00CA9A13 /* FuegoBoardTests.h */ = {isa = PBXFileReference; fileEncoding = 4; lastKnownFileType = sourcecode.c.h; path = FuegoBoardTests.h; sourceTree = "<group>"; };
		DA667C1A125A266C00CA9A13 /* FuegoBoardTests.m */ = {isa = PBXFileReference; fileEncoding = 4; lastKnownFileType = sourcecode.c.objc; path = FuegoBoardTests.m; sourceTree = "<group>"; };
		DA667C34125A288D00CA9A13 /* Scoring Should Be Move 202.sgf */ = {isa = PBXFileReference; fileEncoding = 4; lastKnownFileType = text; path = "Scoring Should Be Move 202.sgf"; sourceTree = "<group>"; };
		DA66E91C16A6923100A066CF /* NSTimer+Blocks.h */ = {isa = PBXFileReference; fileEncoding = 4; lastKnownFileType = sourcecode.c.h; path = "NSTimer+Blocks.h"; sourceTree = "<group>"; };
		DA66E91D16A6923100A066CF /* NSTimer+Blocks.m */ = {isa = PBXFileReference; fileEncoding = 4; lastKnownFileType = sourcecode.c.objc; path = "NSTimer+Blocks.m"; sourceTree = "<group>"; };
		DA68408414DB04E9006EF22C /* CachingGameServer.h */ = {isa = PBXFileReference; fileEncoding = 4; lastKnownFileType = sourcecode.c.h; path = CachingGameServer.h; sourceTree = "<group>"; };
		DA68408514DB04E9006EF22C /* CachingGameServer.m */ = {isa = PBXFileReference; fileEncoding = 4; lastKnownFileType = sourcecode.c.objc; path = CachingGameServer.m; sourceTree = "<group>"; };
		DA6F94FA11FAA0670093751D /* SpinnerView.h */ = {isa = PBXFileReference; fileEncoding = 4; lastKnownFileType = sourcecode.c.h; path = SpinnerView.h; sourceTree = "<group>"; };
		DA6F94FB11FAA0670093751D /* SpinnerView.m */ = {isa = PBXFileReference; fileEncoding = 4; lastKnownFileType = sourcecode.c.objc; path = SpinnerView.m; sourceTree = "<group>"; };
		DA71CAA311B5EA50008696AC /* Foundation.framework */ = {isa = PBXFileReference; includeInIndex = 1; lastKnownFileType = wrapper.framework; name = Foundation.framework; path = System/Library/Frameworks/Foundation.framework; sourceTree = SDKROOT; };
		DA7510D61696C96E009BF0E6 /* Keys.h */ = {isa = PBXFileReference; lastKnownFileType = sourcecode.c.h; path = Keys.h; sourceTree = "<group>"; };
		DA7541C711EF581A00BF0443 /* Multiple Scoring Passes.sgf */ = {isa = PBXFileReference; fileEncoding = 4; lastKnownFileType = text; path = "Multiple Scoring Passes.sgf"; sourceTree = "<group>"; };
		DA7542E011F01DEE00BF0443 /* Start Handicap Game.sgf */ = {isa = PBXFileReference; fileEncoding = 4; lastKnownFileType = text; path = "Start Handicap Game.sgf"; sourceTree = "<group>"; };
		DA7542F011F01FC100BF0443 /* Handicap Stones Placed.sgf */ = {isa = PBXFileReference; fileEncoding = 4; lastKnownFileType = text; path = "Handicap Stones Placed.sgf"; sourceTree = "<group>"; };
		DA77A94F13B2F47200803136 /* libz.dylib */ = {isa = PBXFileReference; includeInIndex = 1; lastKnownFileType = "compiled.mach-o.dylib"; name = libz.dylib; path = usr/lib/libz.dylib; sourceTree = SDKROOT; };
		DA77A95313B2F67B00803136 /* libxml2.dylib */ = {isa = PBXFileReference; includeInIndex = 1; lastKnownFileType = "compiled.mach-o.dylib"; name = libxml2.dylib; path = usr/lib/libxml2.dylib; sourceTree = SDKROOT; };
		DA8366CD11DC3606001A68F9 /* SelectCell.h */ = {isa = PBXFileReference; fileEncoding = 4; lastKnownFileType = sourcecode.c.h; path = SelectCell.h; sourceTree = "<group>"; };
		DA8366CE11DC3606001A68F9 /* SelectCell.m */ = {isa = PBXFileReference; fileEncoding = 4; lastKnownFileType = sourcecode.c.objc; path = SelectCell.m; sourceTree = "<group>"; };
		DA84D67812F7A0160038D775 /* BooleanCell.h */ = {isa = PBXFileReference; fileEncoding = 4; lastKnownFileType = sourcecode.c.h; path = BooleanCell.h; sourceTree = "<group>"; };
		DA84D67912F7A0160038D775 /* BooleanCell.m */ = {isa = PBXFileReference; fileEncoding = 4; lastKnownFileType = sourcecode.c.objc; path = BooleanCell.m; sourceTree = "<group>"; };
		DA8A95FC11FBB12000B2E2C7 /* Default@2x.png */ = {isa = PBXFileReference; lastKnownFileType = image.png; path = "Default@2x.png"; sourceTree = "<group>"; };
		DA8A962711FBB3D100B2E2C7 /* Default.png */ = {isa = PBXFileReference; lastKnownFileType = image.png; path = Default.png; sourceTree = "<group>"; };
		DA8E707A13D5337E007E569B /* GameList.h */ = {isa = PBXFileReference; fileEncoding = 4; lastKnownFileType = sourcecode.c.h; path = GameList.h; sourceTree = "<group>"; };
		DA8E707B13D5337E007E569B /* GameList.m */ = {isa = PBXFileReference; fileEncoding = 4; lastKnownFileType = sourcecode.c.objc; path = GameList.m; sourceTree = "<group>"; };
		DA94CBE1124839740060FD44 /* TableCells.xib */ = {isa = PBXFileReference; lastKnownFileType = file.xib; path = TableCells.xib; sourceTree = "<group>"; };
		DA98EC43125C2725002EB162 /* Message off@2x.png */ = {isa = PBXFileReference; lastKnownFileType = image.png; path = "Message off@2x.png"; sourceTree = "<group>"; };
		DA98EC44125C2725002EB162 /* Message on@2x.png */ = {isa = PBXFileReference; lastKnownFileType = image.png; path = "Message on@2x.png"; sourceTree = "<group>"; };
		DA9BAD1A126B6FB5008ED2B4 /* Pass.png */ = {isa = PBXFileReference; lastKnownFileType = image.png; path = Pass.png; sourceTree = "<group>"; };
		DA9BAD1B126B6FB5008ED2B4 /* Pass@2x.png */ = {isa = PBXFileReference; lastKnownFileType = image.png; path = "Pass@2x.png"; sourceTree = "<group>"; };
		DAA7B8D5125C20440002754F /* Message off.png */ = {isa = PBXFileReference; lastKnownFileType = image.png; path = "Message off.png"; sourceTree = "<group>"; };
		DAA7B8D6125C20440002754F /* Message on.png */ = {isa = PBXFileReference; lastKnownFileType = image.png; path = "Message on.png"; sourceTree = "<group>"; };
		DAA80F8F13B42C3700E5E2B5 /* Black@2x.png */ = {isa = PBXFileReference; lastKnownFileType = image.png; path = "Black@2x.png"; sourceTree = "<group>"; };
		DAA80F9013B42C3700E5E2B5 /* White@2x.png */ = {isa = PBXFileReference; lastKnownFileType = image.png; path = "White@2x.png"; sourceTree = "<group>"; };
		DABA05D6169BF98F00B1ECD9 /* GameListTests.h */ = {isa = PBXFileReference; fileEncoding = 4; lastKnownFileType = sourcecode.c.h; path = GameListTests.h; sourceTree = "<group>"; };
		DABA05D7169BF98F00B1ECD9 /* GameListTests.m */ = {isa = PBXFileReference; fileEncoding = 4; lastKnownFileType = sourcecode.c.objc; path = GameListTests.m; sourceTree = "<group>"; };
		DABA05F2169EAACE00B1ECD9 /* LoadingCell.h */ = {isa = PBXFileReference; fileEncoding = 4; lastKnownFileType = sourcecode.c.h; path = LoadingCell.h; sourceTree = "<group>"; };
		DABA05F3169EAACE00B1ECD9 /* LoadingCell.m */ = {isa = PBXFileReference; fileEncoding = 4; lastKnownFileType = sourcecode.c.objc; path = LoadingCell.m; sourceTree = "<group>"; };
		DABC87F5162290AF009E0808 /* MainStoryboard.storyboard */ = {isa = PBXFileReference; fileEncoding = 4; lastKnownFileType = file.storyboard; name = MainStoryboard.storyboard; path = Resources/MainStoryboard.storyboard; sourceTree = "<group>"; };
		DAC33E9715885EC600CDD7A1 /* libPods-logic_tests.a */ = {isa = PBXFileReference; lastKnownFileType = archive.ar; name = "libPods-logic_tests.a"; path = "Pods/build/Release-iphoneos/libPods-logic_tests.a"; sourceTree = "<group>"; };
		DAC7BDE416DDEFCE00F4562A /* DGSNetworkOperation.h */ = {isa = PBXFileReference; fileEncoding = 4; lastKnownFileType = sourcecode.c.h; path = DGSNetworkOperation.h; sourceTree = "<group>"; };
		DAC7BDE516DDEFCE00F4562A /* DGSNetworkOperation.m */ = {isa = PBXFileReference; fileEncoding = 4; lastKnownFileType = sourcecode.c.objc; path = DGSNetworkOperation.m; sourceTree = "<group>"; };
		DAC868A711B7479D00A4DA7A /* CFNetwork.framework */ = {isa = PBXFileReference; includeInIndex = 1; lastKnownFileType = wrapper.framework; name = CFNetwork.framework; path = System/Library/Frameworks/CFNetwork.framework; sourceTree = SDKROOT; };
		DAC868AB11B747A500A4DA7A /* SystemConfiguration.framework */ = {isa = PBXFileReference; includeInIndex = 1; lastKnownFileType = wrapper.framework; name = SystemConfiguration.framework; path = System/Library/Frameworks/SystemConfiguration.framework; sourceTree = SDKROOT; };
		DAC868AF11B747AE00A4DA7A /* MobileCoreServices.framework */ = {isa = PBXFileReference; includeInIndex = 1; lastKnownFileType = wrapper.framework; name = MobileCoreServices.framework; path = System/Library/Frameworks/MobileCoreServices.framework; sourceTree = SDKROOT; };
		DAC86D4F16A52AA7000A72D6 /* Next.png */ = {isa = PBXFileReference; lastKnownFileType = image.png; path = Next.png; sourceTree = "<group>"; };
		DAC86D5016A52AA7000A72D6 /* Next@2x.png */ = {isa = PBXFileReference; lastKnownFileType = image.png; path = "Next@2x.png"; sourceTree = "<group>"; };
		DAC86D5116A52AA7000A72D6 /* Previous.png */ = {isa = PBXFileReference; lastKnownFileType = image.png; path = Previous.png; sourceTree = "<group>"; };
		DAC86D5216A52AA7000A72D6 /* Previous@2x.png */ = {isa = PBXFileReference; lastKnownFileType = image.png; path = "Previous@2x.png"; sourceTree = "<group>"; };
		DACE119A1255754A006C9598 /* Game with Message.sgf */ = {isa = PBXFileReference; fileEncoding = 4; lastKnownFileType = text; path = "Game with Message.sgf"; sourceTree = "<group>"; };
		DAD36349126D4A9C00589A32 /* Message background.png */ = {isa = PBXFileReference; lastKnownFileType = image.png; path = "Message background.png"; sourceTree = "<group>"; };
		DAD3634A126D4A9C00589A32 /* Message background@2x.png */ = {isa = PBXFileReference; lastKnownFileType = image.png; path = "Message background@2x.png"; sourceTree = "<group>"; };
		DAD36367126D586600589A32 /* Message input.png */ = {isa = PBXFileReference; lastKnownFileType = image.png; path = "Message input.png"; sourceTree = "<group>"; };
		DAD36368126D586600589A32 /* Message input@2x.png */ = {isa = PBXFileReference; lastKnownFileType = image.png; path = "Message input@2x.png"; sourceTree = "<group>"; };
		DADD19C711BCA6170038F8BC /* QuartzCore.framework */ = {isa = PBXFileReference; includeInIndex = 1; lastKnownFileType = wrapper.framework; name = QuartzCore.framework; path = System/Library/Frameworks/QuartzCore.framework; sourceTree = SDKROOT; };
		DADD1CDD11FD3C0B005922A3 /* Readme.md */ = {isa = PBXFileReference; fileEncoding = 4; lastKnownFileType = text; path = Readme.md; sourceTree = "<group>"; };
		DADD1CE111FD3C43005922A3 /* FAQ.md */ = {isa = PBXFileReference; fileEncoding = 4; lastKnownFileType = text; path = FAQ.md; sourceTree = "<group>"; };
		DAE0D24A13BAD41A00668CB2 /* NewGameViewController.h */ = {isa = PBXFileReference; fileEncoding = 4; lastKnownFileType = sourcecode.c.h; path = NewGameViewController.h; sourceTree = "<group>"; };
		DAE0D24B13BAD41A00668CB2 /* NewGameViewController.m */ = {isa = PBXFileReference; fileEncoding = 4; lastKnownFileType = sourcecode.c.objc; path = NewGameViewController.m; sourceTree = "<group>"; };
		DAE932A912454A2900335F0F /* LICENSE */ = {isa = PBXFileReference; fileEncoding = 4; lastKnownFileType = text; path = LICENSE; sourceTree = "<group>"; };
		DAE932B512454B4200335F0F /* Developer.md */ = {isa = PBXFileReference; fileEncoding = 4; lastKnownFileType = text; path = Developer.md; sourceTree = "<group>"; };
		DAE932C012454E4800335F0F /* AddGameViewController.h */ = {isa = PBXFileReference; fileEncoding = 4; lastKnownFileType = sourcecode.c.h; path = AddGameViewController.h; sourceTree = "<group>"; };
		DAE932C112454E4800335F0F /* AddGameViewController.m */ = {isa = PBXFileReference; fileEncoding = 4; lastKnownFileType = sourcecode.c.objc; path = AddGameViewController.m; sourceTree = "<group>"; };
		DAEA517F11B88A1100F4CCB3 /* DGS.h */ = {isa = PBXFileReference; fileEncoding = 4; lastKnownFileType = sourcecode.c.h; path = DGS.h; sourceTree = "<group>"; };
		DAEA518011B88A1100F4CCB3 /* DGS.m */ = {isa = PBXFileReference; fileEncoding = 4; lastKnownFileType = sourcecode.c.objc; path = DGS.m; sourceTree = "<group>"; };
		DAEA519911B88D8300F4CCB3 /* Game.h */ = {isa = PBXFileReference; fileEncoding = 4; lastKnownFileType = sourcecode.c.h; path = Game.h; sourceTree = "<group>"; };
		DAEA519A11B88D8300F4CCB3 /* Game.m */ = {isa = PBXFileReference; fileEncoding = 4; lastKnownFileType = sourcecode.c.objc; path = Game.m; sourceTree = "<group>"; };
		DAEA525911B895ED00F4CCB3 /* DGSTests.h */ = {isa = PBXFileReference; fileEncoding = 4; lastKnownFileType = sourcecode.c.h; path = DGSTests.h; sourceTree = "<group>"; };
		DAEA525A11B895ED00F4CCB3 /* DGSTests.m */ = {isa = PBXFileReference; fileEncoding = 4; lastKnownFileType = sourcecode.c.objc; path = DGSTests.m; sourceTree = "<group>"; };
		DAEA52A611B8989F00F4CCB3 /* UIKit.framework */ = {isa = PBXFileReference; includeInIndex = 1; lastKnownFileType = wrapper.framework; name = UIKit.framework; path = System/Library/Frameworks/UIKit.framework; sourceTree = SDKROOT; };
		DAEA534711B8A4C000F4CCB3 /* status.csv */ = {isa = PBXFileReference; fileEncoding = 4; lastKnownFileType = text; path = status.csv; sourceTree = "<group>"; };
		DAEB649C125E1C3D00A915EB /* Resign.png */ = {isa = PBXFileReference; lastKnownFileType = image.png; path = Resign.png; sourceTree = "<group>"; };
		DAEB64A9125E202800A915EB /* Resign@2x.png */ = {isa = PBXFileReference; lastKnownFileType = image.png; path = "Resign@2x.png"; sourceTree = "<group>"; };
		DAECBE2A11F38ADD00CDA9F3 /* Board dock.png */ = {isa = PBXFileReference; lastKnownFileType = image.png; path = "Board dock.png"; sourceTree = "<group>"; };
		DAECBE2B11F38ADD00CDA9F3 /* Board dock@2x.png */ = {isa = PBXFileReference; lastKnownFileType = image.png; path = "Board dock@2x.png"; sourceTree = "<group>"; };
		DAEE341C15884ECA00300B29 /* Podfile */ = {isa = PBXFileReference; explicitFileType = text.script.ruby; path = Podfile; sourceTree = "<group>"; xcLanguageSpecificationIdentifier = xcode.lang.ruby; };
		DAF16E691799025500ADA4D1 /* AcknowledgementsViewController.h */ = {isa = PBXFileReference; fileEncoding = 4; lastKnownFileType = sourcecode.c.h; path = AcknowledgementsViewController.h; sourceTree = "<group>"; };
		DAF16E6A1799025600ADA4D1 /* AcknowledgementsViewController.m */ = {isa = PBXFileReference; fileEncoding = 4; lastKnownFileType = sourcecode.c.objc; path = AcknowledgementsViewController.m; sourceTree = "<group>"; };
		DAF16E6C179902F600ADA4D1 /* acknowledgements.html */ = {isa = PBXFileReference; fileEncoding = 4; lastKnownFileType = text.html; path = acknowledgements.html; sourceTree = "<group>"; };
		DAF9102611BB48A800FE7B96 /* GoBoardView.h */ = {isa = PBXFileReference; fileEncoding = 4; lastKnownFileType = sourcecode.c.h; path = GoBoardView.h; sourceTree = "<group>"; };
		DAF9102711BB48A800FE7B96 /* GoBoardView.m */ = {isa = PBXFileReference; fileEncoding = 4; lastKnownFileType = sourcecode.c.objc; path = GoBoardView.m; sourceTree = "<group>"; };
		DAF9105C11BB5BBD00FE7B96 /* GameViewController.h */ = {isa = PBXFileReference; fileEncoding = 4; lastKnownFileType = sourcecode.c.h; path = GameViewController.h; sourceTree = "<group>"; };
		DAF9105D11BB5BBD00FE7B96 /* GameViewController.m */ = {isa = PBXFileReference; fileEncoding = 4; lastKnownFileType = sourcecode.c.objc; path = GameViewController.m; sourceTree = "<group>"; };
		DAF911F211BB796900FE7B96 /* Move.h */ = {isa = PBXFileReference; fileEncoding = 4; lastKnownFileType = sourcecode.c.h; path = Move.h; sourceTree = "<group>"; };
		DAF911F311BB796900FE7B96 /* Move.m */ = {isa = PBXFileReference; fileEncoding = 4; lastKnownFileType = sourcecode.c.objc; path = Move.m; sourceTree = "<group>"; };
		DAFADA4E12CF0EF100985126 /* waiting.html */ = {isa = PBXFileReference; fileEncoding = 4; lastKnownFileType = text.html; path = waiting.html; sourceTree = "<group>"; };
		DAFED53815943E7700A2EE37 /* 25x25 Handicap Stones.sgf */ = {isa = PBXFileReference; fileEncoding = 4; lastKnownFileType = text; path = "25x25 Handicap Stones.sgf"; sourceTree = "<group>"; };
		DAFF411016AA8AAB005A62FB /* DGSPushServer.h */ = {isa = PBXFileReference; fileEncoding = 4; lastKnownFileType = sourcecode.c.h; path = DGSPushServer.h; sourceTree = "<group>"; };
		DAFF411116AA8AAB005A62FB /* DGSPushServer.m */ = {isa = PBXFileReference; fileEncoding = 4; lastKnownFileType = sourcecode.c.objc; path = DGSPushServer.m; sourceTree = "<group>"; };
		DAFF411416AA8E67005A62FB /* UIDevice+ExtraDeviceDetails.h */ = {isa = PBXFileReference; fileEncoding = 4; lastKnownFileType = sourcecode.c.h; path = "UIDevice+ExtraDeviceDetails.h"; sourceTree = "<group>"; };
		DAFF411516AA8E67005A62FB /* UIDevice+ExtraDeviceDetails.m */ = {isa = PBXFileReference; fileEncoding = 4; lastKnownFileType = sourcecode.c.objc; path = "UIDevice+ExtraDeviceDetails.m"; sourceTree = "<group>"; };
		EDC55FDA0F694568A87D9982 /* libPods-DGSTests.a */ = {isa = PBXFileReference; explicitFileType = archive.ar; includeInIndex = 0; path = "libPods-DGSTests.a"; sourceTree = BUILT_PRODUCTS_DIR; };
		FA4D2C0C17F34289007F280D /* Invite.h */ = {isa = PBXFileReference; fileEncoding = 4; lastKnownFileType = sourcecode.c.h; path = Invite.h; sourceTree = "<group>"; };
		FA4D2C0D17F34289007F280D /* Invite.m */ = {isa = PBXFileReference; fileEncoding = 4; lastKnownFileType = sourcecode.c.objc; path = Invite.m; sourceTree = "<group>"; };
		FA4D2C0F17F3483B007F280D /* InviteViewController.h */ = {isa = PBXFileReference; fileEncoding = 4; lastKnownFileType = sourcecode.c.h; path = InviteViewController.h; sourceTree = "<group>"; };
		FA4D2C1017F3483B007F280D /* InviteViewController.m */ = {isa = PBXFileReference; fileEncoding = 4; lastKnownFileType = sourcecode.c.objc; path = InviteViewController.m; sourceTree = "<group>"; };
/* End PBXFileReference section */

/* Begin PBXFrameworksBuildPhase section */
		1D60588F0D05DD3D006BFB54 /* Frameworks */ = {
			isa = PBXFrameworksBuildPhase;
			buildActionMask = 2147483647;
			files = (
				DA77A95C13B2FCA700803136 /* libxml2.dylib in Frameworks */,
				DA77A95013B2F47200803136 /* libz.dylib in Frameworks */,
				DAC868A811B7479D00A4DA7A /* CFNetwork.framework in Frameworks */,
				DAC868AC11B747A500A4DA7A /* SystemConfiguration.framework in Frameworks */,
				DAC868B011B747AE00A4DA7A /* MobileCoreServices.framework in Frameworks */,
				DADD19C811BCA6180038F8BC /* QuartzCore.framework in Frameworks */,
				CE7771B66F8849888D9FC85E /* libPods.a in Frameworks */,
				DAE5F4CB15AFEDBB0062B5F4 /* Foundation.framework in Frameworks */,
				DAE5F4CC15AFEE130062B5F4 /* UIKit.framework in Frameworks */,
			);
			runOnlyForDeploymentPostprocessing = 0;
		};
/* End PBXFrameworksBuildPhase section */

/* Begin PBXGroup section */
		080E96DDFE201D6D7F000001 /* Classes */ = {
			isa = PBXGroup;
			children = (
				DAFF410F16AA8A1F005A62FB /* Network */,
				DABA05D2169ABA1800B1ECD9 /* Categories */,
				DA4026C611D06C38005017C4 /* Protocols */,
				DA38B20211B59FAB00112AA4 /* Models */,
				DAF9102311BB487500FE7B96 /* Views */,
				DA38B20311B59FB400112AA4 /* Controllers */,
				DA02D14A11D99D3900A9D887 /* Table Cells */,
				DA0FE7BE161FF64200AEAEF6 /* Libraries */,
				1D3623240D0F684500981E51 /* DGSPhoneAppDelegate.h */,
				1D3623250D0F684500981E51 /* DGSPhoneAppDelegate.m */,
			);
			path = Classes;
			sourceTree = "<group>";
		};
		19C28FACFE9D520D11CA2CBB /* Products */ = {
			isa = PBXGroup;
			children = (
				1D6058910D05DD3D006BFB54 /* DGSBeta.app */,
			);
			name = Products;
			sourceTree = "<group>";
		};
		29B97314FDCFA39411CA2CEA /* CustomTemplate */ = {
			isa = PBXGroup;
			children = (
				DAEE341C15884ECA00300B29 /* Podfile */,
				DADD1CE111FD3C43005922A3 /* FAQ.md */,
				DADD1CDD11FD3C0B005922A3 /* Readme.md */,
				DAE932B512454B4200335F0F /* Developer.md */,
				DAE932A912454A2900335F0F /* LICENSE */,
				080E96DDFE201D6D7F000001 /* Classes */,
				29B97315FDCFA39411CA2CEA /* Other Sources */,
				29B97317FDCFA39411CA2CEA /* Resources */,
				DA65D69F169820E500AB9FC7 /* DGSTests */,
				29B97323FDCFA39411CA2CEA /* Frameworks */,
				19C28FACFE9D520D11CA2CBB /* Products */,
				A2E612397B4D91D5631D4207 /* Pods */,
			);
			name = CustomTemplate;
			sourceTree = "<group>";
		};
		29B97315FDCFA39411CA2CEA /* Other Sources */ = {
			isa = PBXGroup;
			children = (
				32CA4F630368D1EE00C91783 /* DGSPhone_Prefix.pch */,
				29B97316FDCFA39411CA2CEA /* main.m */,
				DA7510D61696C96E009BF0E6 /* Keys.h */,
				DA65D6E416982C3600AB9FC7 /* Config.h */,
			);
			name = "Other Sources";
			sourceTree = "<group>";
		};
		29B97317FDCFA39411CA2CEA /* Resources */ = {
			isa = PBXGroup;
			children = (
				DAE932BD12454CCA00335F0F /* XIBs */,
				DA37D90511BF56BC00BC1445 /* Images */,
				DA137D5F11BE13CF00225C12 /* AppIcon.png */,
				DA402AC611D30931005017C4 /* AppIcon@2x.png */,
				DAEA525511B8954100F4CCB3 /* TestData */,
				8D1107310486CEB800E47090 /* DGSPhone-Info.plist */,
				DA0824E6161A618F00802B9A /* Default-568h@2x.png */,
				DA8A962711FBB3D100B2E2C7 /* Default.png */,
				DA8A95FC11FBB12000B2E2C7 /* Default@2x.png */,
				DA238C2515B22AE800D4050C /* DGSErrors.strings */,
				DABC87F5162290AF009E0808 /* MainStoryboard.storyboard */,
				DAF16E6C179902F600ADA4D1 /* acknowledgements.html */,
			);
			name = Resources;
			sourceTree = "<group>";
		};
		29B97323FDCFA39411CA2CEA /* Frameworks */ = {
			isa = PBXGroup;
			children = (
				6645B18F147B8BED00170504 /* libsqlite3.dylib */,
				DA71CAA311B5EA50008696AC /* Foundation.framework */,
				DAC868A711B7479D00A4DA7A /* CFNetwork.framework */,
				DAC868AB11B747A500A4DA7A /* SystemConfiguration.framework */,
				DAC868AF11B747AE00A4DA7A /* MobileCoreServices.framework */,
				DA77A95313B2F67B00803136 /* libxml2.dylib */,
				DA77A94F13B2F47200803136 /* libz.dylib */,
				DAEA52A611B8989F00F4CCB3 /* UIKit.framework */,
				DA476A5214DA109F00AAF7E0 /* SenTestingKit.framework */,
				DADD19C711BCA6170038F8BC /* QuartzCore.framework */,
				DAC33E9715885EC600CDD7A1 /* libPods-logic_tests.a */,
				8BF2422AA37640AC84A2C071 /* libPods.a */,
				EDC55FDA0F694568A87D9982 /* libPods-DGSTests.a */,
			);
			name = Frameworks;
			sourceTree = "<group>";
		};
		A2E612397B4D91D5631D4207 /* Pods */ = {
			isa = PBXGroup;
			children = (
				BEF139BB88D21B142BCB0839 /* Pods.debug.xcconfig */,
				285012647373D7A86275D233 /* Pods.adhoc.xcconfig */,
				27F4A14B172931B03961B33B /* Pods.release.xcconfig */,
			);
			name = Pods;
			sourceTree = "<group>";
		};
		DA02D14A11D99D3900A9D887 /* Table Cells */ = {
			isa = PBXGroup;
			children = (
				DA02D14B11D99D7600A9D887 /* TableCellFactory.h */,
				DA02D14C11D99D7600A9D887 /* TableCellFactory.m */,
				DA02D15811D99E4500A9D887 /* TextCell.h */,
				DA02D15911D99E4500A9D887 /* TextCell.m */,
				DA8366CD11DC3606001A68F9 /* SelectCell.h */,
				DA8366CE11DC3606001A68F9 /* SelectCell.m */,
				DA84D67812F7A0160038D775 /* BooleanCell.h */,
				DA84D67912F7A0160038D775 /* BooleanCell.m */,
				DABA05F2169EAACE00B1ECD9 /* LoadingCell.h */,
				DABA05F3169EAACE00B1ECD9 /* LoadingCell.m */,
				DA4BC703179517C900C74040 /* ExpandingLabelCell.h */,
				DA4BC704179517C900C74040 /* ExpandingLabelCell.m */,
			);
			path = "Table Cells";
			sourceTree = "<group>";
		};
		DA0FE7BE161FF64200AEAEF6 /* Libraries */ = {
			isa = PBXGroup;
			children = (
				DA0FE7C0161FF67400AEAEF6 /* JWCache.h */,
				DA0FE7C1161FF67400AEAEF6 /* JWCache.m */,
				DA0FE7C3161FFA1000AEAEF6 /* JWCacheEntry.h */,
				DA0FE7C4161FFA1000AEAEF6 /* JWCacheEntry.m */,
			);
			path = Libraries;
			sourceTree = "<group>";
		};
		DA37D90511BF56BC00BC1445 /* Images */ = {
			isa = PBXGroup;
			children = (
				DA3B8CCD16A7D8520013E85F /* Game Background.png */,
				DA3B8CCE16A7D8520013E85F /* Game Background@2x.png */,
				DAC86D4F16A52AA7000A72D6 /* Next.png */,
				DAC86D5016A52AA7000A72D6 /* Next@2x.png */,
				DAC86D5116A52AA7000A72D6 /* Previous.png */,
				DAC86D5216A52AA7000A72D6 /* Previous@2x.png */,
				DAD36367126D586600589A32 /* Message input.png */,
				DAD36368126D586600589A32 /* Message input@2x.png */,
				DAD36349126D4A9C00589A32 /* Message background.png */,
				DAD3634A126D4A9C00589A32 /* Message background@2x.png */,
				DA9BAD1A126B6FB5008ED2B4 /* Pass.png */,
				DA9BAD1B126B6FB5008ED2B4 /* Pass@2x.png */,
				DAEB649C125E1C3D00A915EB /* Resign.png */,
				DAEB64A9125E202800A915EB /* Resign@2x.png */,
				DAA7B8D5125C20440002754F /* Message off.png */,
				DA98EC43125C2725002EB162 /* Message off@2x.png */,
				DA98EC44125C2725002EB162 /* Message on@2x.png */,
				DAA7B8D6125C20440002754F /* Message on.png */,
				DAECBE2A11F38ADD00CDA9F3 /* Board dock.png */,
				DAECBE2B11F38ADD00CDA9F3 /* Board dock@2x.png */,
				DA37D9C111BF6E5100BC1445 /* Board.png */,
				DA2EDE1212F14EC8003FEE23 /* Board@2x.png */,
				DA37D90611BF56DA00BC1445 /* Black.png */,
				DAA80F8F13B42C3700E5E2B5 /* Black@2x.png */,
				DAA80F9013B42C3700E5E2B5 /* White@2x.png */,
				DA37D90711BF56DA00BC1445 /* White.png */,
				DA5D350C12B20A8F001271D3 /* Moves@2x.png */,
				DA5D351212B20A9A001271D3 /* Moves.png */,
			);
			path = Images;
			sourceTree = "<group>";
		};
		DA38B20211B59FAB00112AA4 /* Models */ = {
			isa = PBXGroup;
			children = (
				DA02D13B11D99BF000A9D887 /* NewGame.h */,
				DA02D13C11D99BF000A9D887 /* NewGame.m */,
				DAEA519911B88D8300F4CCB3 /* Game.h */,
				DAEA519A11B88D8300F4CCB3 /* Game.m */,
				DA419A5F11BA0C0600B3050E /* FuegoBoard.h */,
				DA419A6011BA0C0600B3050E /* FuegoBoard.mm */,
				DAF911F211BB796900FE7B96 /* Move.h */,
				DAF911F311BB796900FE7B96 /* Move.m */,
				DA8E707A13D5337E007E569B /* GameList.h */,
				DA8E707B13D5337E007E569B /* GameList.m */,
				DA391DDC1592CB2900F9E36F /* Player.h */,
				DA391DDD1592CB2900F9E36F /* Player.m */,
				FA4D2C0C17F34289007F280D /* Invite.h */,
				FA4D2C0D17F34289007F280D /* Invite.m */,
			);
			path = Models;
			sourceTree = "<group>";
		};
		DA38B20311B59FB400112AA4 /* Controllers */ = {
			isa = PBXGroup;
			children = (
				DAE932C012454E4800335F0F /* AddGameViewController.h */,
				DAE932C112454E4800335F0F /* AddGameViewController.m */,
				DA38B1F711B59F2F00112AA4 /* LoginViewController.h */,
				DA38B1F811B59F2F00112AA4 /* LoginViewController.m */,
				DA419D4311BB2DA400B3050E /* CurrentGamesController.h */,
				DA419D4411BB2DA400B3050E /* CurrentGamesController.m */,
				DAF9105C11BB5BBD00FE7B96 /* GameViewController.h */,
				DAF9105D11BB5BBD00FE7B96 /* GameViewController.m */,
				DA5218D312CF9EF500000147 /* WaitingRoomGamesController.h */,
				DA5218D412CF9EF500000147 /* WaitingRoomGamesController.m */,
				DA521C1012D4312F00C2AE9D /* JoinWaitingRoomGameController.h */,
				DA521C1112D4312F00C2AE9D /* JoinWaitingRoomGameController.m */,
				DAE0D24A13BAD41A00668CB2 /* NewGameViewController.h */,
				DAE0D24B13BAD41A00668CB2 /* NewGameViewController.m */,
				FA4D2C0F17F3483B007F280D /* InviteViewController.h */,
				FA4D2C1017F3483B007F280D /* InviteViewController.m */,
				DAF16E691799025500ADA4D1 /* AcknowledgementsViewController.h */,
				DAF16E6A1799025600ADA4D1 /* AcknowledgementsViewController.m */,
			);
			path = Controllers;
			sourceTree = "<group>";
		};
		DA4026C611D06C38005017C4 /* Protocols */ = {
			isa = PBXGroup;
			children = (
				DA2EE2D312F69255003FEE23 /* GameServerProtocol.h */,
			);
			path = Protocols;
			sourceTree = "<group>";
		};
		DA65D69F169820E500AB9FC7 /* DGSTests */ = {
			isa = PBXGroup;
			children = (
				DAEA525911B895ED00F4CCB3 /* DGSTests.h */,
				DAEA525A11B895ED00F4CCB3 /* DGSTests.m */,
				DA667C19125A266C00CA9A13 /* FuegoBoardTests.h */,
				DA667C1A125A266C00CA9A13 /* FuegoBoardTests.m */,
				DA65D6A0169820E500AB9FC7 /* Supporting Files */,
				DABA05D6169BF98F00B1ECD9 /* GameListTests.h */,
				DABA05D7169BF98F00B1ECD9 /* GameListTests.m */,
			);
			path = DGSTests;
			sourceTree = "<group>";
		};
		DA65D6A0169820E500AB9FC7 /* Supporting Files */ = {
			isa = PBXGroup;
			children = (
				DA65D6A1169820E500AB9FC7 /* DGSTests-Info.plist */,
				DA65D6A2169820E500AB9FC7 /* InfoPlist.strings */,
				DA65D6A8169820E500AB9FC7 /* DGSTests-Prefix.pch */,
			);
			name = "Supporting Files";
			sourceTree = "<group>";
		};
		DABA05D2169ABA1800B1ECD9 /* Categories */ = {
			isa = PBXGroup;
			children = (
				DA66E91C16A6923100A066CF /* NSTimer+Blocks.h */,
				DA66E91D16A6923100A066CF /* NSTimer+Blocks.m */,
				DAFF411416AA8E67005A62FB /* UIDevice+ExtraDeviceDetails.h */,
				DAFF411516AA8E67005A62FB /* UIDevice+ExtraDeviceDetails.m */,
			);
			path = Categories;
			sourceTree = "<group>";
		};
		DAE932BD12454CCA00335F0F /* XIBs */ = {
			isa = PBXGroup;
			children = (
				DA94CBE1124839740060FD44 /* TableCells.xib */,
				DA2EDE5D12F27FEB003FEE23 /* TextCell.xib */,
			);
			path = XIBs;
			sourceTree = "<group>";
		};
		DAEA525511B8954100F4CCB3 /* TestData */ = {
			isa = PBXGroup;
			children = (
				DAFADA4E12CF0EF100985126 /* waiting.html */,
				DA667C34125A288D00CA9A13 /* Scoring Should Be Move 202.sgf */,
				DA667B9A12562AC400CA9A13 /* Pass Should Be Move 200.sgf */,
				DACE119A1255754A006C9598 /* Game with Message.sgf */,
				DA7542E011F01DEE00BF0443 /* Start Handicap Game.sgf */,
				DA7542F011F01FC100BF0443 /* Handicap Stones Placed.sgf */,
				DA7541C711EF581A00BF0443 /* Multiple Scoring Passes.sgf */,
				DA38AB9711EC028B005E1AB7 /* First Score.sgf */,
				DAEA534711B8A4C000F4CCB3 /* status.csv */,
				DAFED53815943E7700A2EE37 /* 25x25 Handicap Stones.sgf */,
			);
			path = TestData;
			sourceTree = "<group>";
		};
		DAF9102311BB487500FE7B96 /* Views */ = {
			isa = PBXGroup;
			children = (
				DAF9102611BB48A800FE7B96 /* GoBoardView.h */,
				DAF9102711BB48A800FE7B96 /* GoBoardView.m */,
				DA6F94FA11FAA0670093751D /* SpinnerView.h */,
				DA6F94FB11FAA0670093751D /* SpinnerView.m */,
				DA1341A91292323300D2A4BF /* MessageView.h */,
				DA1341AA1292323300D2A4BF /* MessageView.m */,
			);
			path = Views;
			sourceTree = "<group>";
		};
		DAFF410F16AA8A1F005A62FB /* Network */ = {
			isa = PBXGroup;
			children = (
				DAEA517F11B88A1100F4CCB3 /* DGS.h */,
				DAEA518011B88A1100F4CCB3 /* DGS.m */,
				DA0762B51377B678003E0390 /* DGSDev.h */,
				DA0762B61377B678003E0390 /* DGSDev.m */,
				DA68408414DB04E9006EF22C /* CachingGameServer.h */,
				DA68408514DB04E9006EF22C /* CachingGameServer.m */,
				DAFF411016AA8AAB005A62FB /* DGSPushServer.h */,
				DAFF411116AA8AAB005A62FB /* DGSPushServer.m */,
				DAC7BDE416DDEFCE00F4562A /* DGSNetworkOperation.h */,
				DAC7BDE516DDEFCE00F4562A /* DGSNetworkOperation.m */,
			);
			path = Network;
			sourceTree = "<group>";
		};
/* End PBXGroup section */

/* Begin PBXNativeTarget section */
		1D6058900D05DD3D006BFB54 /* DGS */ = {
			isa = PBXNativeTarget;
			buildConfigurationList = 1D6058960D05DD3E006BFB54 /* Build configuration list for PBXNativeTarget "DGS" */;
			buildPhases = (
				1D60588D0D05DD3D006BFB54 /* Resources */,
				1D60588E0D05DD3D006BFB54 /* Sources */,
				1D60588F0D05DD3D006BFB54 /* Frameworks */,
				DA0E103D140F240D0067BE35 /* ShellScript */,
				5D26EC3E623C439DB6718EC6 /* Copy Pods Resources */,
				863F578AC81989405C363F53 /* Embed Pods Frameworks */,
			);
			buildRules = (
			);
			dependencies = (
			);
			name = DGS;
			productName = DGSPhone;
			productReference = 1D6058910D05DD3D006BFB54 /* DGSBeta.app */;
			productType = "com.apple.product-type.application";
		};
/* End PBXNativeTarget section */

/* Begin PBXProject section */
		29B97313FDCFA39411CA2CEA /* Project object */ = {
			isa = PBXProject;
			attributes = {
				LastUpgradeCheck = 0720;
				ORGANIZATIONNAME = "Justin Weiss";
			};
			buildConfigurationList = C01FCF4E08A954540054247B /* Build configuration list for PBXProject "DGSPhone" */;
			compatibilityVersion = "Xcode 3.2";
			developmentRegion = English;
			hasScannedForEncodings = 1;
			knownRegions = (
				en,
				English,
				German,
			);
			mainGroup = 29B97314FDCFA39411CA2CEA /* CustomTemplate */;
			projectDirPath = "";
			projectRoot = "";
			targets = (
				1D6058900D05DD3D006BFB54 /* DGS */,
			);
		};
/* End PBXProject section */

/* Begin PBXResourcesBuildPhase section */
		1D60588D0D05DD3D006BFB54 /* Resources */ = {
			isa = PBXResourcesBuildPhase;
			buildActionMask = 2147483647;
			files = (
				DA137D6111BE13CF00225C12 /* AppIcon.png in Resources */,
				DA37D90A11BF56DA00BC1445 /* Black.png in Resources */,
				DA37D90B11BF56DA00BC1445 /* White.png in Resources */,
				DA37D9C311BF6E5100BC1445 /* Board.png in Resources */,
				DA402ACE11D30978005017C4 /* AppIcon@2x.png in Resources */,
				DA38AB9811EC028B005E1AB7 /* First Score.sgf in Resources */,
				DA7541C811EF581A00BF0443 /* Multiple Scoring Passes.sgf in Resources */,
				DA7542E111F01DEE00BF0443 /* Start Handicap Game.sgf in Resources */,
				DA7542F111F01FC100BF0443 /* Handicap Stones Placed.sgf in Resources */,
				DAECBE2C11F38ADD00CDA9F3 /* Board dock.png in Resources */,
				DAECBE2D11F38ADD00CDA9F3 /* Board dock@2x.png in Resources */,
				DA8A95FD11FBB12000B2E2C7 /* Default@2x.png in Resources */,
				DA8A962911FBB3D100B2E2C7 /* Default.png in Resources */,
				DAE932AA12454A2900335F0F /* LICENSE in Resources */,
				DA94CBE7124839740060FD44 /* TableCells.xib in Resources */,
				DA667B9B12562AC400CA9A13 /* Pass Should Be Move 200.sgf in Resources */,
				DACE119B1255754A006C9598 /* Game with Message.sgf in Resources */,
				DAA7B8D7125C20440002754F /* Message off.png in Resources */,
				DAA7B8D8125C20440002754F /* Message on.png in Resources */,
				DA98EC45125C2725002EB162 /* Message off@2x.png in Resources */,
				DA98EC46125C2725002EB162 /* Message on@2x.png in Resources */,
				DAEB649D125E1C3D00A915EB /* Resign.png in Resources */,
				DAEB64AA125E202800A915EB /* Resign@2x.png in Resources */,
				DA9BAD1C126B6FB5008ED2B4 /* Pass.png in Resources */,
				DA9BAD1D126B6FB5008ED2B4 /* Pass@2x.png in Resources */,
				DAD3634B126D4A9C00589A32 /* Message background.png in Resources */,
				DAD3634C126D4A9C00589A32 /* Message background@2x.png in Resources */,
				DAD36369126D586600589A32 /* Message input.png in Resources */,
				DAD3636A126D586600589A32 /* Message input@2x.png in Resources */,
				DA5D350D12B20A92001271D3 /* Moves@2x.png in Resources */,
				DA5D351312B20A9D001271D3 /* Moves.png in Resources */,
				DA2EDE1312F14EC8003FEE23 /* Board@2x.png in Resources */,
				DA2EDE5E12F27FEB003FEE23 /* TextCell.xib in Resources */,
				DAA80F9113B42C3700E5E2B5 /* Black@2x.png in Resources */,
				DAA80F9213B42C3700E5E2B5 /* White@2x.png in Resources */,
				DAFED53915943E7700A2EE37 /* 25x25 Handicap Stones.sgf in Resources */,
				DA238C2615B22AE800D4050C /* DGSErrors.strings in Resources */,
				DA0824E7161A618F00802B9A /* Default-568h@2x.png in Resources */,
				DABC87F6162290AF009E0808 /* MainStoryboard.storyboard in Resources */,
				DAC86D5316A52AA7000A72D6 /* Next.png in Resources */,
				DAC86D5416A52AA7000A72D6 /* Next@2x.png in Resources */,
				DAC86D5516A52AA7000A72D6 /* Previous.png in Resources */,
				DAC86D5616A52AA7000A72D6 /* Previous@2x.png in Resources */,
				DA3B8CCF16A7D8520013E85F /* Game Background.png in Resources */,
				DA3B8CD016A7D8520013E85F /* Game Background@2x.png in Resources */,
				DAF16E6D179902F600ADA4D1 /* acknowledgements.html in Resources */,
			);
			runOnlyForDeploymentPostprocessing = 0;
		};
/* End PBXResourcesBuildPhase section */

/* Begin PBXShellScriptBuildPhase section */
		5D26EC3E623C439DB6718EC6 /* Copy Pods Resources */ = {
			isa = PBXShellScriptBuildPhase;
			buildActionMask = 2147483647;
			files = (
			);
			inputPaths = (
			);
			name = "Copy Pods Resources";
			outputPaths = (
			);
			runOnlyForDeploymentPostprocessing = 0;
			shellPath = /bin/sh;
			shellScript = "\"${SRCROOT}/Pods/Target Support Files/Pods/Pods-resources.sh\"\n";
		};
		863F578AC81989405C363F53 /* Embed Pods Frameworks */ = {
			isa = PBXShellScriptBuildPhase;
			buildActionMask = 2147483647;
			files = (
			);
			inputPaths = (
			);
			name = "Embed Pods Frameworks";
			outputPaths = (
			);
			runOnlyForDeploymentPostprocessing = 0;
			shellPath = /bin/sh;
			shellScript = "\"${SRCROOT}/Pods/Target Support Files/Pods/Pods-frameworks.sh\"\n";
			showEnvVarsInLog = 0;
		};
		DA0E103D140F240D0067BE35 /* ShellScript */ = {
			isa = PBXShellScriptBuildPhase;
			buildActionMask = 2147483647;
			files = (
			);
			inputPaths = (
			);
			outputPaths = (
			);
			runOnlyForDeploymentPostprocessing = 0;
			shellPath = /bin/sh;
			shellScript = "#!/bin/bash\nif [ $CONFIGURATION != \"Debug\" ]; then\n  buildNumber=$(/usr/libexec/PlistBuddy -c \"Print CFBundleVersion\" DGSPhone-Info.plist)\n  buildNumber=$(($buildNumber + 1))\n  /usr/libexec/PlistBuddy -c \"Set :CFBundleVersion $buildNumber\" DGSPhone-Info.plist\nfi";
		};
/* End PBXShellScriptBuildPhase section */

/* Begin PBXSourcesBuildPhase section */
		1D60588E0D05DD3D006BFB54 /* Sources */ = {
			isa = PBXSourcesBuildPhase;
			buildActionMask = 2147483647;
			files = (
				1D60589B0D05DD56006BFB54 /* main.m in Sources */,
				1D3623260D0F684500981E51 /* DGSPhoneAppDelegate.m in Sources */,
				DA38B1FA11B59F2F00112AA4 /* LoginViewController.m in Sources */,
				DAEA518111B88A1100F4CCB3 /* DGS.m in Sources */,
				DAEA519B11B88D8300F4CCB3 /* Game.m in Sources */,
				DA419A6311BA0C0600B3050E /* FuegoBoard.mm in Sources */,
				DA419D4A11BB2DA400B3050E /* CurrentGamesController.m in Sources */,
				DAF9102911BB48A800FE7B96 /* GoBoardView.m in Sources */,
				DAF9105F11BB5BBD00FE7B96 /* GameViewController.m in Sources */,
				DAF911F511BB796900FE7B96 /* Move.m in Sources */,
				DA02D13D11D99BF000A9D887 /* NewGame.m in Sources */,
				DA02D14D11D99D7600A9D887 /* TableCellFactory.m in Sources */,
				DA02D15A11D99E4500A9D887 /* TextCell.m in Sources */,
				DA8366CF11DC3606001A68F9 /* SelectCell.m in Sources */,
				DA6F94FD11FAA0670093751D /* SpinnerView.m in Sources */,
				DAE932C212454E4800335F0F /* AddGameViewController.m in Sources */,
				DA1341AB1292323300D2A4BF /* MessageView.m in Sources */,
				DA5218D512CF9EF500000147 /* WaitingRoomGamesController.m in Sources */,
				DA521C1212D4312F00C2AE9D /* JoinWaitingRoomGameController.m in Sources */,
				FA4D2C1117F3483B007F280D /* InviteViewController.m in Sources */,
				DA84D67A12F7A0160038D775 /* BooleanCell.m in Sources */,
				DA0762B71377B678003E0390 /* DGSDev.m in Sources */,
				DAE0D24D13BAD41A00668CB2 /* NewGameViewController.m in Sources */,
				DA8E707C13D5337E007E569B /* GameList.m in Sources */,
				DA68408614DB04E9006EF22C /* CachingGameServer.m in Sources */,
				DA391DDE1592CB2900F9E36F /* Player.m in Sources */,
				DA0FE7C2161FF67400AEAEF6 /* JWCache.m in Sources */,
				DA0FE7C5161FFA1000AEAEF6 /* JWCacheEntry.m in Sources */,
				DABA05F4169EAACE00B1ECD9 /* LoadingCell.m in Sources */,
				DA66E91E16A6923100A066CF /* NSTimer+Blocks.m in Sources */,
				DAFF411216AA8AAB005A62FB /* DGSPushServer.m in Sources */,
				FA4D2C0E17F34289007F280D /* Invite.m in Sources */,
				DAFF411616AA8E67005A62FB /* UIDevice+ExtraDeviceDetails.m in Sources */,
				DAC7BDE616DDEFCE00F4562A /* DGSNetworkOperation.m in Sources */,
				DA4BC705179517C900C74040 /* ExpandingLabelCell.m in Sources */,
				DAF16E6B1799025600ADA4D1 /* AcknowledgementsViewController.m in Sources */,
			);
			runOnlyForDeploymentPostprocessing = 0;
		};
/* End PBXSourcesBuildPhase section */

/* Begin PBXVariantGroup section */
		DA65D6A2169820E500AB9FC7 /* InfoPlist.strings */ = {
			isa = PBXVariantGroup;
			children = (
				DA65D6A3169820E500AB9FC7 /* en */,
			);
			name = InfoPlist.strings;
			sourceTree = "<group>";
		};
/* End PBXVariantGroup section */

/* Begin XCBuildConfiguration section */
		1D6058940D05DD3E006BFB54 /* Debug */ = {
			isa = XCBuildConfiguration;
			baseConfigurationReference = BEF139BB88D21B142BCB0839 /* Pods.debug.xcconfig */;
			buildSettings = {
				ALWAYS_SEARCH_USER_PATHS = NO;
				CLANG_ENABLE_OBJC_ARC = YES;
				COPY_PHASE_STRIP = NO;
				GCC_OPTIMIZATION_LEVEL = 0;
				GCC_PRECOMPILE_PREFIX_HEADER = YES;
				GCC_PREFIX_HEADER = DGSPhone_Prefix.pch;
				GCC_PREPROCESSOR_DEFINITIONS = (
					"$(inherited)",
					"CONFIGURATION_$(CONFIGURATION)",
				);
				GCC_THUMB_SUPPORT = NO;
				INFOPLIST_FILE = "DGSPhone-Info.plist";
				ONLY_ACTIVE_ARCH = YES;
				PRODUCT_BUNDLE_IDENTIFIER = "net.uberweiss.${PRODUCT_NAME:rfc1034identifier}";
				PRODUCT_NAME = DGSBeta;
			};
			name = Debug;
		};
		1D6058950D05DD3E006BFB54 /* Release */ = {
			isa = XCBuildConfiguration;
			baseConfigurationReference = 27F4A14B172931B03961B33B /* Pods.release.xcconfig */;
			buildSettings = {
				ALWAYS_SEARCH_USER_PATHS = NO;
				CLANG_ENABLE_OBJC_ARC = YES;
				GCC_PRECOMPILE_PREFIX_HEADER = YES;
				GCC_PREFIX_HEADER = DGSPhone_Prefix.pch;
				GCC_PREPROCESSOR_DEFINITIONS = (
					"$(inherited)",
					"CONFIGURATION_$(CONFIGURATION)",
				);
				GCC_THUMB_SUPPORT = NO;
				INFOPLIST_FILE = "DGSPhone-Info.plist";
				PRODUCT_BUNDLE_IDENTIFIER = "net.uberweiss.${PRODUCT_NAME:rfc1034identifier}";
				PRODUCT_NAME = DGS;
				VALIDATE_PRODUCT = YES;
			};
			name = Release;
		};
		C01FCF4F08A954540054247B /* Debug */ = {
			isa = XCBuildConfiguration;
			buildSettings = {
				CODE_SIGN_IDENTITY = "iPhone Developer";
				ENABLE_TESTABILITY = YES;
				GCC_C_LANGUAGE_STANDARD = c99;
				GCC_THUMB_SUPPORT = NO;
				GCC_VERSION = "";
				GCC_WARN_ABOUT_MISSING_PROTOTYPES = YES;
				GCC_WARN_ABOUT_RETURN_TYPE = YES;
				GCC_WARN_UNUSED_VARIABLE = YES;
				IPHONEOS_DEPLOYMENT_TARGET = 5.1;
				ONLY_ACTIVE_ARCH = YES;
				PROVISIONING_PROFILE = "";
				SDKROOT = iphoneos;
			};
			name = Debug;
		};
		C01FCF5008A954540054247B /* Release */ = {
			isa = XCBuildConfiguration;
			buildSettings = {
				CODE_SIGN_IDENTITY = "iPhone Distribution: Justin Weiss (SB3AKTYGF8)";
				GCC_C_LANGUAGE_STANDARD = c99;
				GCC_PREPROCESSOR_DEFINITIONS = (
					"$(inherited)",
					NS_BLOCK_ASSERTIONS,
					NDEBUG,
				);
				GCC_THUMB_SUPPORT = NO;
				GCC_VERSION = "";
				GCC_WARN_ABOUT_MISSING_PROTOTYPES = YES;
				GCC_WARN_ABOUT_RETURN_TYPE = YES;
				GCC_WARN_UNUSED_VARIABLE = YES;
				IPHONEOS_DEPLOYMENT_TARGET = 5.1;
				PROVISIONING_PROFILE = "B066B920-9B63-49AF-9ABA-4810AA46A781";
				SDKROOT = iphoneos;
			};
			name = Release;
		};
		DA667DC0125AE40300CA9A13 /* Adhoc */ = {
			isa = XCBuildConfiguration;
			buildSettings = {
				CODE_SIGN_IDENTITY = "iPhone Distribution";
				GCC_C_LANGUAGE_STANDARD = c99;
				GCC_THUMB_SUPPORT = NO;
				GCC_VERSION = "";
				GCC_WARN_ABOUT_MISSING_PROTOTYPES = YES;
				GCC_WARN_ABOUT_RETURN_TYPE = YES;
				GCC_WARN_UNUSED_VARIABLE = YES;
				IPHONEOS_DEPLOYMENT_TARGET = 5.1;
				PROVISIONING_PROFILE = "";
				SDKROOT = iphoneos;
			};
			name = Adhoc;
		};
		DA667DC1125AE40300CA9A13 /* Adhoc */ = {
			isa = XCBuildConfiguration;
			baseConfigurationReference = 285012647373D7A86275D233 /* Pods.adhoc.xcconfig */;
			buildSettings = {
				ALWAYS_SEARCH_USER_PATHS = NO;
				CLANG_ENABLE_OBJC_ARC = YES;
				COPY_PHASE_STRIP = NO;
				GCC_PRECOMPILE_PREFIX_HEADER = YES;
				GCC_PREFIX_HEADER = DGSPhone_Prefix.pch;
				GCC_PREPROCESSOR_DEFINITIONS = (
					"$(inherited)",
					"CONFIGURATION_$(CONFIGURATION)",
				);
				GCC_THUMB_SUPPORT = NO;
				INFOPLIST_FILE = "DGSPhone-Info.plist";
				PRODUCT_BUNDLE_IDENTIFIER = "net.uberweiss.${PRODUCT_NAME:rfc1034identifier}";
				PRODUCT_NAME = DGSBeta;
				VALIDATE_PRODUCT = YES;
			};
			name = Adhoc;
		};
/* End XCBuildConfiguration section */

/* Begin XCConfigurationList section */
		1D6058960D05DD3E006BFB54 /* Build configuration list for PBXNativeTarget "DGS" */ = {
			isa = XCConfigurationList;
			buildConfigurations = (
				1D6058940D05DD3E006BFB54 /* Debug */,
				DA667DC1125AE40300CA9A13 /* Adhoc */,
				1D6058950D05DD3E006BFB54 /* Release */,
			);
			defaultConfigurationIsVisible = 0;
			defaultConfigurationName = Release;
		};
		C01FCF4E08A954540054247B /* Build configuration list for PBXProject "DGSPhone" */ = {
			isa = XCConfigurationList;
			buildConfigurations = (
				C01FCF4F08A954540054247B /* Debug */,
				DA667DC0125AE40300CA9A13 /* Adhoc */,
				C01FCF5008A954540054247B /* Release */,
			);
			defaultConfigurationIsVisible = 0;
			defaultConfigurationName = Release;
		};
/* End XCConfigurationList section */
	};
	rootObject = 29B97313FDCFA39411CA2CEA /* Project object */;
}
